Microsoft Visual Studio Solution File, Format Version 12.00
# Visual Studio Version 17
VisualStudioVersion = 17.5.2.0
MinimumVisualStudioVersion = 10.0.40219.1
Project("{FAE04EC0-301F-11D3-BF4B-00C04F79EFBC}") = "BuildSPED", "BuildSPED.csproj", "{AC3DE2A7-BFFF-184A-221D-85835EEF6BDF}"
EndProject
Global
	GlobalSection(SolutionConfigurationPlatforms) = preSolution
		Debug|Any CPU = Debug|Any CPU
		Release|Any CPU = Release|Any CPU
	EndGlobalSection
	GlobalSection(ProjectConfigurationPlatforms) = postSolution
		{AC3DE2A7-BFFF-184A-221D-85835EEF6BDF}.Debug|Any CPU.ActiveCfg = Debug|Any CPU
		{AC3DE2A7-BFFF-184A-221D-85835EEF6BDF}.Debug|Any CPU.Build.0 = Debug|Any CPU
		{AC3DE2A7-BFFF-184A-221D-85835EEF6BDF}.Release|Any CPU.ActiveCfg = Release|Any CPU
		{AC3DE2A7-BFFF-184A-221D-85835EEF6BDF}.Release|Any CPU.Build.0 = Release|Any CPU
	EndGlobalSection
	GlobalSection(SolutionProperties) = preSolution
		HideSolutionNode = FALSE
	EndGlobalSection
	GlobalSection(ExtensibilityGlobals) = postSolution
		SolutionGuid = {856404FC-F1B2-40B7-84E2-0A54D99C7797}
	EndGlobalSection
EndGlobal
